// !$*UTF8*$!
{
	archiveVersion = 1;
	classes = {
	};
	objectVersion = 55;
	objects = {

/* Begin PBXBuildFile section */
		048298862848B2AE009D4849 /* MobilliumButton.swift in Sources */ = {isa = PBXBuildFile; fileRef = 048298852848B2AE009D4849 /* MobilliumButton.swift */; };
		048298882848B2C5009D4849 /* MobilliumTextField.swift in Sources */ = {isa = PBXBuildFile; fileRef = 048298872848B2C5009D4849 /* MobilliumTextField.swift */; };
		0482988B2848B67C009D4849 /* UIViewController+Extensions.swift in Sources */ = {isa = PBXBuildFile; fileRef = 0482988A2848B67C009D4849 /* UIViewController+Extensions.swift */; };
		0482988D2848E370009D4849 /* LoginViewController.swift in Sources */ = {isa = PBXBuildFile; fileRef = 0482988C2848E370009D4849 /* LoginViewController.swift */; };
		0482988F2848E823009D4849 /* MobilliumCheckBox.swift in Sources */ = {isa = PBXBuildFile; fileRef = 0482988E2848E823009D4849 /* MobilliumCheckBox.swift */; };
		048298912848EEC5009D4849 /* HorizontalStackView.swift in Sources */ = {isa = PBXBuildFile; fileRef = 048298902848EEC5009D4849 /* HorizontalStackView.swift */; };
		048298932848F17E009D4849 /* MobilliumLabel.swift in Sources */ = {isa = PBXBuildFile; fileRef = 048298922848F17E009D4849 /* MobilliumLabel.swift */; };
		048298952848F559009D4849 /* MovieListViewController.swift in Sources */ = {isa = PBXBuildFile; fileRef = 048298942848F559009D4849 /* MovieListViewController.swift */; };
		0482989A2848F5FA009D4849 /* MovieListController+Extensions.swift in Sources */ = {isa = PBXBuildFile; fileRef = 048298992848F5FA009D4849 /* MovieListController+Extensions.swift */; };
		0482989D2848F7EF009D4849 /* MovieModel.swift in Sources */ = {isa = PBXBuildFile; fileRef = 0482989C2848F7EF009D4849 /* MovieModel.swift */; };
		0482989F2848FC39009D4849 /* Constants.swift in Sources */ = {isa = PBXBuildFile; fileRef = 0482989E2848FC39009D4849 /* Constants.swift */; };
		04B115742848A1AA004BDEAE /* AppDelegate.swift in Sources */ = {isa = PBXBuildFile; fileRef = 04B115732848A1AA004BDEAE /* AppDelegate.swift */; };
		04B115762848A1AA004BDEAE /* SceneDelegate.swift in Sources */ = {isa = PBXBuildFile; fileRef = 04B115752848A1AA004BDEAE /* SceneDelegate.swift */; };
		04B1157D2848A1AC004BDEAE /* Assets.xcassets in Resources */ = {isa = PBXBuildFile; fileRef = 04B1157C2848A1AC004BDEAE /* Assets.xcassets */; };
		04B115802848A1AC004BDEAE /* LaunchScreen.storyboard in Resources */ = {isa = PBXBuildFile; fileRef = 04B1157E2848A1AC004BDEAE /* LaunchScreen.storyboard */; };
		04B115922848A509004BDEAE /* RegisterViewController.swift in Sources */ = {isa = PBXBuildFile; fileRef = 04B115912848A509004BDEAE /* RegisterViewController.swift */; };
/* End PBXBuildFile section */

/* Begin PBXFileReference section */
		048298852848B2AE009D4849 /* MobilliumButton.swift */ = {isa = PBXFileReference; lastKnownFileType = sourcecode.swift; path = MobilliumButton.swift; sourceTree = "<group>"; };
		048298872848B2C5009D4849 /* MobilliumTextField.swift */ = {isa = PBXFileReference; lastKnownFileType = sourcecode.swift; path = MobilliumTextField.swift; sourceTree = "<group>"; };
		0482988A2848B67C009D4849 /* UIViewController+Extensions.swift */ = {isa = PBXFileReference; lastKnownFileType = sourcecode.swift; path = "UIViewController+Extensions.swift"; sourceTree = "<group>"; };
		0482988C2848E370009D4849 /* LoginViewController.swift */ = {isa = PBXFileReference; lastKnownFileType = sourcecode.swift; path = LoginViewController.swift; sourceTree = "<group>"; };
		0482988E2848E823009D4849 /* MobilliumCheckBox.swift */ = {isa = PBXFileReference; lastKnownFileType = sourcecode.swift; path = MobilliumCheckBox.swift; sourceTree = "<group>"; };
		048298902848EEC5009D4849 /* HorizontalStackView.swift */ = {isa = PBXFileReference; lastKnownFileType = sourcecode.swift; path = HorizontalStackView.swift; sourceTree = "<group>"; };
		048298922848F17E009D4849 /* MobilliumLabel.swift */ = {isa = PBXFileReference; lastKnownFileType = sourcecode.swift; path = MobilliumLabel.swift; sourceTree = "<group>"; };
		048298942848F559009D4849 /* MovieListViewController.swift */ = {isa = PBXFileReference; lastKnownFileType = sourcecode.swift; path = MovieListViewController.swift; sourceTree = "<group>"; };
		048298992848F5FA009D4849 /* MovieListController+Extensions.swift */ = {isa = PBXFileReference; lastKnownFileType = sourcecode.swift; path = "MovieListController+Extensions.swift"; sourceTree = "<group>"; };
		0482989C2848F7EF009D4849 /* MovieModel.swift */ = {isa = PBXFileReference; lastKnownFileType = sourcecode.swift; path = MovieModel.swift; sourceTree = "<group>"; };
		0482989E2848FC39009D4849 /* Constants.swift */ = {isa = PBXFileReference; lastKnownFileType = sourcecode.swift; path = Constants.swift; sourceTree = "<group>"; };
		04B115702848A1AA004BDEAE /* MobilliumCase-Programmatic.app */ = {isa = PBXFileReference; explicitFileType = wrapper.application; includeInIndex = 0; path = "MobilliumCase-Programmatic.app"; sourceTree = BUILT_PRODUCTS_DIR; };
		04B115732848A1AA004BDEAE /* AppDelegate.swift */ = {isa = PBXFileReference; lastKnownFileType = sourcecode.swift; path = AppDelegate.swift; sourceTree = "<group>"; };
		04B115752848A1AA004BDEAE /* SceneDelegate.swift */ = {isa = PBXFileReference; lastKnownFileType = sourcecode.swift; path = SceneDelegate.swift; sourceTree = "<group>"; };
		04B1157C2848A1AC004BDEAE /* Assets.xcassets */ = {isa = PBXFileReference; lastKnownFileType = folder.assetcatalog; path = Assets.xcassets; sourceTree = "<group>"; };
		04B1157F2848A1AC004BDEAE /* Base */ = {isa = PBXFileReference; lastKnownFileType = file.storyboard; name = Base; path = Base.lproj/LaunchScreen.storyboard; sourceTree = "<group>"; };
		04B115812848A1AC004BDEAE /* Info.plist */ = {isa = PBXFileReference; lastKnownFileType = text.plist.xml; path = Info.plist; sourceTree = "<group>"; };
		04B115912848A509004BDEAE /* RegisterViewController.swift */ = {isa = PBXFileReference; lastKnownFileType = sourcecode.swift; path = RegisterViewController.swift; sourceTree = "<group>"; };
/* End PBXFileReference section */

/* Begin PBXFrameworksBuildPhase section */
		04B1156D2848A1AA004BDEAE /* Frameworks */ = {
			isa = PBXFrameworksBuildPhase;
			buildActionMask = 2147483647;
			files = (
			);
			runOnlyForDeploymentPostprocessing = 0;
		};
/* End PBXFrameworksBuildPhase section */

/* Begin PBXGroup section */
		048298892848B662009D4849 /* Extensions */ = {
			isa = PBXGroup;
			children = (
				0482988A2848B67C009D4849 /* UIViewController+Extensions.swift */,
				048298992848F5FA009D4849 /* MovieListController+Extensions.swift */,
			);
			path = Extensions;
			sourceTree = "<group>";
		};
		048298962848F5CC009D4849 /* MovieList */ = {
			isa = PBXGroup;
			children = (
				048298942848F559009D4849 /* MovieListViewController.swift */,
			);
			path = MovieList;
			sourceTree = "<group>";
		};
		0482989B2848F7E5009D4849 /* Models */ = {
			isa = PBXGroup;
			children = (
				0482989C2848F7EF009D4849 /* MovieModel.swift */,
			);
			path = Models;
			sourceTree = "<group>";
		};
		04B115672848A1AA004BDEAE = {
			isa = PBXGroup;
			children = (
				04B115722848A1AA004BDEAE /* MobilliumCase-Programmatic */,
				04B115712848A1AA004BDEAE /* Products */,
			);
			sourceTree = "<group>";
		};
		04B115712848A1AA004BDEAE /* Products */ = {
			isa = PBXGroup;
			children = (
				04B115702848A1AA004BDEAE /* MobilliumCase-Programmatic.app */,
			);
			name = Products;
			sourceTree = "<group>";
		};
		04B115722848A1AA004BDEAE /* MobilliumCase-Programmatic */ = {
			isa = PBXGroup;
			children = (
				0482989B2848F7E5009D4849 /* Models */,
				048298892848B662009D4849 /* Extensions */,
				04B1158F2848A32F004BDEAE /* Resources */,
				04B1158E2848A31A004BDEAE /* Configuration */,
				04B1158A2848A2D8004BDEAE /* Scenes */,
				04B115892848A2C0004BDEAE /* Constants */,
				04B115882848A2B5004BDEAE /* Protocols */,
				04B115872848A228004BDEAE /* AppDelegate */,
				04B115752848A1AA004BDEAE /* SceneDelegate.swift */,
				04B1157E2848A1AC004BDEAE /* LaunchScreen.storyboard */,
				04B115812848A1AC004BDEAE /* Info.plist */,
				048298852848B2AE009D4849 /* MobilliumButton.swift */,
				048298872848B2C5009D4849 /* MobilliumTextField.swift */,
				0482988E2848E823009D4849 /* MobilliumCheckBox.swift */,
				048298902848EEC5009D4849 /* HorizontalStackView.swift */,
				048298922848F17E009D4849 /* MobilliumLabel.swift */,
			);
			path = "MobilliumCase-Programmatic";
			sourceTree = "<group>";
		};
		04B115872848A228004BDEAE /* AppDelegate */ = {
			isa = PBXGroup;
			children = (
				04B115732848A1AA004BDEAE /* AppDelegate.swift */,
			);
			path = AppDelegate;
			sourceTree = "<group>";
		};
		04B115882848A2B5004BDEAE /* Protocols */ = {
			isa = PBXGroup;
			children = (
			);
			path = Protocols;
			sourceTree = "<group>";
		};
		04B115892848A2C0004BDEAE /* Constants */ = {
			isa = PBXGroup;
			children = (
				0482989E2848FC39009D4849 /* Constants.swift */,
			);
			path = Constants;
			sourceTree = "<group>";
		};
		04B1158A2848A2D8004BDEAE /* Scenes */ = {
			isa = PBXGroup;
			children = (
				048298962848F5CC009D4849 /* MovieList */,
				04B1158B2848A2E0004BDEAE /* Auth */,
			);
			path = Scenes;
			sourceTree = "<group>";
		};
		04B1158B2848A2E0004BDEAE /* Auth */ = {
			isa = PBXGroup;
			children = (
				04B1158D2848A2F6004BDEAE /* SignUp */,
				04B1158C2848A2F0004BDEAE /* SignIn */,
			);
			path = Auth;
			sourceTree = "<group>";
		};
		04B1158C2848A2F0004BDEAE /* SignIn */ = {
			isa = PBXGroup;
			children = (
				0482988C2848E370009D4849 /* LoginViewController.swift */,
			);
			path = SignIn;
			sourceTree = "<group>";
		};
		04B1158D2848A2F6004BDEAE /* SignUp */ = {
			isa = PBXGroup;
			children = (
				04B115912848A509004BDEAE /* RegisterViewController.swift */,
			);
			path = SignUp;
			sourceTree = "<group>";
		};
		04B1158E2848A31A004BDEAE /* Configuration */ = {
			isa = PBXGroup;
			children = (
			);
			path = Configuration;
			sourceTree = "<group>";
		};
		04B1158F2848A32F004BDEAE /* Resources */ = {
			isa = PBXGroup;
			children = (
				04B115902848A338004BDEAE /* Assets */,
			);
			path = Resources;
			sourceTree = "<group>";
		};
		04B115902848A338004BDEAE /* Assets */ = {
			isa = PBXGroup;
			children = (
				04B1157C2848A1AC004BDEAE /* Assets.xcassets */,
			);
			path = Assets;
			sourceTree = "<group>";
		};
/* End PBXGroup section */

/* Begin PBXNativeTarget section */
		04B1156F2848A1AA004BDEAE /* MobilliumCase-Programmatic */ = {
			isa = PBXNativeTarget;
			buildConfigurationList = 04B115842848A1AC004BDEAE /* Build configuration list for PBXNativeTarget "MobilliumCase-Programmatic" */;
			buildPhases = (
				04B1156C2848A1AA004BDEAE /* Sources */,
				04B1156D2848A1AA004BDEAE /* Frameworks */,
				04B1156E2848A1AA004BDEAE /* Resources */,
			);
			buildRules = (
			);
			dependencies = (
			);
			name = "MobilliumCase-Programmatic";
			productName = "MobilliumCase-Programmatic";
			productReference = 04B115702848A1AA004BDEAE /* MobilliumCase-Programmatic.app */;
			productType = "com.apple.product-type.application";
		};
/* End PBXNativeTarget section */

/* Begin PBXProject section */
		04B115682848A1AA004BDEAE /* Project object */ = {
			isa = PBXProject;
			attributes = {
				BuildIndependentTargetsInParallel = 1;
				LastSwiftUpdateCheck = 1340;
				LastUpgradeCheck = 1340;
				TargetAttributes = {
					04B1156F2848A1AA004BDEAE = {
						CreatedOnToolsVersion = 13.4;
					};
				};
			};
			buildConfigurationList = 04B1156B2848A1AA004BDEAE /* Build configuration list for PBXProject "MobilliumCase-Programmatic" */;
			compatibilityVersion = "Xcode 13.0";
			developmentRegion = en;
			hasScannedForEncodings = 0;
			knownRegions = (
				en,
				Base,
			);
			mainGroup = 04B115672848A1AA004BDEAE;
			productRefGroup = 04B115712848A1AA004BDEAE /* Products */;
			projectDirPath = "";
			projectRoot = "";
			targets = (
				04B1156F2848A1AA004BDEAE /* MobilliumCase-Programmatic */,
			);
		};
/* End PBXProject section */

/* Begin PBXResourcesBuildPhase section */
		04B1156E2848A1AA004BDEAE /* Resources */ = {
			isa = PBXResourcesBuildPhase;
			buildActionMask = 2147483647;
			files = (
				04B115802848A1AC004BDEAE /* LaunchScreen.storyboard in Resources */,
				04B1157D2848A1AC004BDEAE /* Assets.xcassets in Resources */,
			);
			runOnlyForDeploymentPostprocessing = 0;
		};
/* End PBXResourcesBuildPhase section */

/* Begin PBXSourcesBuildPhase section */
		04B1156C2848A1AA004BDEAE /* Sources */ = {
			isa = PBXSourcesBuildPhase;
			buildActionMask = 2147483647;
			files = (
				0482988D2848E370009D4849 /* LoginViewController.swift in Sources */,
				04B115922848A509004BDEAE /* RegisterViewController.swift in Sources */,
				0482989A2848F5FA009D4849 /* MovieListController+Extensions.swift in Sources */,
				048298882848B2C5009D4849 /* MobilliumTextField.swift in Sources */,
				0482988F2848E823009D4849 /* MobilliumCheckBox.swift in Sources */,
				04B115742848A1AA004BDEAE /* AppDelegate.swift in Sources */,
				0482989D2848F7EF009D4849 /* MovieModel.swift in Sources */,
				048298862848B2AE009D4849 /* MobilliumButton.swift in Sources */,
				048298912848EEC5009D4849 /* HorizontalStackView.swift in Sources */,
				048298952848F559009D4849 /* MovieListViewController.swift in Sources */,
				0482988B2848B67C009D4849 /* UIViewController+Extensions.swift in Sources */,
				0482989F2848FC39009D4849 /* Constants.swift in Sources */,
				04B115762848A1AA004BDEAE /* SceneDelegate.swift in Sources */,
				048298932848F17E009D4849 /* MobilliumLabel.swift in Sources */,
			);
			runOnlyForDeploymentPostprocessing = 0;
		};
/* End PBXSourcesBuildPhase section */

/* Begin PBXVariantGroup section */
		04B1157E2848A1AC004BDEAE /* LaunchScreen.storyboard */ = {
			isa = PBXVariantGroup;
			children = (
				04B1157F2848A1AC004BDEAE /* Base */,
			);
			name = LaunchScreen.storyboard;
			sourceTree = "<group>";
		};
/* End PBXVariantGroup section */

/* Begin XCBuildConfiguration section */
		04B115822848A1AC004BDEAE /* Debug */ = {
			isa = XCBuildConfiguration;
			buildSettings = {
				ALWAYS_SEARCH_USER_PATHS = NO;
				CLANG_ANALYZER_NONNULL = YES;
				CLANG_ANALYZER_NUMBER_OBJECT_CONVERSION = YES_AGGRESSIVE;
				CLANG_CXX_LANGUAGE_STANDARD = "gnu++17";
				CLANG_ENABLE_MODULES = YES;
				CLANG_ENABLE_OBJC_ARC = YES;
				CLANG_ENABLE_OBJC_WEAK = YES;
				CLANG_WARN_BLOCK_CAPTURE_AUTORELEASING = YES;
				CLANG_WARN_BOOL_CONVERSION = YES;
				CLANG_WARN_COMMA = YES;
				CLANG_WARN_CONSTANT_CONVERSION = YES;
				CLANG_WARN_DEPRECATED_OBJC_IMPLEMENTATIONS = YES;
				CLANG_WARN_DIRECT_OBJC_ISA_USAGE = YES_ERROR;
				CLANG_WARN_DOCUMENTATION_COMMENTS = YES;
				CLANG_WARN_EMPTY_BODY = YES;
				CLANG_WARN_ENUM_CONVERSION = YES;
				CLANG_WARN_INFINITE_RECURSION = YES;
				CLANG_WARN_INT_CONVERSION = YES;
				CLANG_WARN_NON_LITERAL_NULL_CONVERSION = YES;
				CLANG_WARN_OBJC_IMPLICIT_RETAIN_SELF = YES;
				CLANG_WARN_OBJC_LITERAL_CONVERSION = YES;
				CLANG_WARN_OBJC_ROOT_CLASS = YES_ERROR;
				CLANG_WARN_QUOTED_INCLUDE_IN_FRAMEWORK_HEADER = YES;
				CLANG_WARN_RANGE_LOOP_ANALYSIS = YES;
				CLANG_WARN_STRICT_PROTOTYPES = YES;
				CLANG_WARN_SUSPICIOUS_MOVE = YES;
				CLANG_WARN_UNGUARDED_AVAILABILITY = YES_AGGRESSIVE;
				CLANG_WARN_UNREACHABLE_CODE = YES;
				CLANG_WARN__DUPLICATE_METHOD_MATCH = YES;
				COPY_PHASE_STRIP = NO;
				DEBUG_INFORMATION_FORMAT = dwarf;
				ENABLE_STRICT_OBJC_MSGSEND = YES;
				ENABLE_TESTABILITY = YES;
				GCC_C_LANGUAGE_STANDARD = gnu11;
				GCC_DYNAMIC_NO_PIC = NO;
				GCC_NO_COMMON_BLOCKS = YES;
				GCC_OPTIMIZATION_LEVEL = 0;
				GCC_PREPROCESSOR_DEFINITIONS = (
					"DEBUG=1",
					"$(inherited)",
				);
				GCC_WARN_64_TO_32_BIT_CONVERSION = YES;
				GCC_WARN_ABOUT_RETURN_TYPE = YES_ERROR;
				GCC_WARN_UNDECLARED_SELECTOR = YES;
				GCC_WARN_UNINITIALIZED_AUTOS = YES_AGGRESSIVE;
				GCC_WARN_UNUSED_FUNCTION = YES;
				GCC_WARN_UNUSED_VARIABLE = YES;
				IPHONEOS_DEPLOYMENT_TARGET = 15.5;
				MTL_ENABLE_DEBUG_INFO = INCLUDE_SOURCE;
				MTL_FAST_MATH = YES;
				ONLY_ACTIVE_ARCH = YES;
				SDKROOT = iphoneos;
				SWIFT_ACTIVE_COMPILATION_CONDITIONS = DEBUG;
				SWIFT_OPTIMIZATION_LEVEL = "-Onone";
			};
			name = Debug;
		};
		04B115832848A1AC004BDEAE /* Release */ = {
			isa = XCBuildConfiguration;
			buildSettings = {
				ALWAYS_SEARCH_USER_PATHS = NO;
				CLANG_ANALYZER_NONNULL = YES;
				CLANG_ANALYZER_NUMBER_OBJECT_CONVERSION = YES_AGGRESSIVE;
				CLANG_CXX_LANGUAGE_STANDARD = "gnu++17";
				CLANG_ENABLE_MODULES = YES;
				CLANG_ENABLE_OBJC_ARC = YES;
				CLANG_ENABLE_OBJC_WEAK = YES;
				CLANG_WARN_BLOCK_CAPTURE_AUTORELEASING = YES;
				CLANG_WARN_BOOL_CONVERSION = YES;
				CLANG_WARN_COMMA = YES;
				CLANG_WARN_CONSTANT_CONVERSION = YES;
				CLANG_WARN_DEPRECATED_OBJC_IMPLEMENTATIONS = YES;
				CLANG_WARN_DIRECT_OBJC_ISA_USAGE = YES_ERROR;
				CLANG_WARN_DOCUMENTATION_COMMENTS = YES;
				CLANG_WARN_EMPTY_BODY = YES;
				CLANG_WARN_ENUM_CONVERSION = YES;
				CLANG_WARN_INFINITE_RECURSION = YES;
				CLANG_WARN_INT_CONVERSION = YES;
				CLANG_WARN_NON_LITERAL_NULL_CONVERSION = YES;
				CLANG_WARN_OBJC_IMPLICIT_RETAIN_SELF = YES;
				CLANG_WARN_OBJC_LITERAL_CONVERSION = YES;
				CLANG_WARN_OBJC_ROOT_CLASS = YES_ERROR;
				CLANG_WARN_QUOTED_INCLUDE_IN_FRAMEWORK_HEADER = YES;
				CLANG_WARN_RANGE_LOOP_ANALYSIS = YES;
				CLANG_WARN_STRICT_PROTOTYPES = YES;
				CLANG_WARN_SUSPICIOUS_MOVE = YES;
				CLANG_WARN_UNGUARDED_AVAILABILITY = YES_AGGRESSIVE;
				CLANG_WARN_UNREACHABLE_CODE = YES;
				CLANG_WARN__DUPLICATE_METHOD_MATCH = YES;
				COPY_PHASE_STRIP = NO;
				DEBUG_INFORMATION_FORMAT = "dwarf-with-dsym";
				ENABLE_NS_ASSERTIONS = NO;
				ENABLE_STRICT_OBJC_MSGSEND = YES;
				GCC_C_LANGUAGE_STANDARD = gnu11;
				GCC_NO_COMMON_BLOCKS = YES;
				GCC_WARN_64_TO_32_BIT_CONVERSION = YES;
				GCC_WARN_ABOUT_RETURN_TYPE = YES_ERROR;
				GCC_WARN_UNDECLARED_SELECTOR = YES;
				GCC_WARN_UNINITIALIZED_AUTOS = YES_AGGRESSIVE;
				GCC_WARN_UNUSED_FUNCTION = YES;
				GCC_WARN_UNUSED_VARIABLE = YES;
				IPHONEOS_DEPLOYMENT_TARGET = 15.5;
				MTL_ENABLE_DEBUG_INFO = NO;
				MTL_FAST_MATH = YES;
				SDKROOT = iphoneos;
				SWIFT_COMPILATION_MODE = wholemodule;
				SWIFT_OPTIMIZATION_LEVEL = "-O";
				VALIDATE_PRODUCT = YES;
			};
			name = Release;
		};
		04B115852848A1AC004BDEAE /* Debug */ = {
			isa = XCBuildConfiguration;
			buildSettings = {
				ASSETCATALOG_COMPILER_APPICON_NAME = AppIcon;
				ASSETCATALOG_COMPILER_GLOBAL_ACCENT_COLOR_NAME = AccentColor;
				CODE_SIGN_STYLE = Automatic;
				CURRENT_PROJECT_VERSION = 1;
				DEVELOPMENT_TEAM = J24DR36CFW;
				GENERATE_INFOPLIST_FILE = YES;
				INFOPLIST_FILE = "MobilliumCase-Programmatic/Info.plist";
				INFOPLIST_KEY_UIApplicationSupportsIndirectInputEvents = YES;
				INFOPLIST_KEY_UILaunchStoryboardName = LaunchScreen;
				INFOPLIST_KEY_UISupportedInterfaceOrientations_iPad = "UIInterfaceOrientationPortrait UIInterfaceOrientationPortraitUpsideDown UIInterfaceOrientationLandscapeLeft UIInterfaceOrientationLandscapeRight";
				INFOPLIST_KEY_UISupportedInterfaceOrientations_iPhone = "UIInterfaceOrientationPortrait UIInterfaceOrientationLandscapeLeft UIInterfaceOrientationLandscapeRight";
				LD_RUNPATH_SEARCH_PATHS = (
					"$(inherited)",
					"@executable_path/Frameworks",
				);
				MARKETING_VERSION = 1.0;
				PRODUCT_BUNDLE_IDENTIFIER = "com.alkalemir.MobilliumCase-Programmatic";
				PRODUCT_NAME = "$(TARGET_NAME)";
				SWIFT_EMIT_LOC_STRINGS = YES;
				SWIFT_VERSION = 5.0;
				TARGETED_DEVICE_FAMILY = "1,2";
			};
			name = Debug;
		};
		04B115862848A1AC004BDEAE /* Release */ = {
			isa = XCBuildConfiguration;
			buildSettings = {
				ASSETCATALOG_COMPILER_APPICON_NAME = AppIcon;
				ASSETCATALOG_COMPILER_GLOBAL_ACCENT_COLOR_NAME = AccentColor;
				CODE_SIGN_STYLE = Automatic;
				CURRENT_PROJECT_VERSION = 1;
				DEVELOPMENT_TEAM = J24DR36CFW;
				GENERATE_INFOPLIST_FILE = YES;
				INFOPLIST_FILE = "MobilliumCase-Programmatic/Info.plist";
				INFOPLIST_KEY_UIApplicationSupportsIndirectInputEvents = YES;
				INFOPLIST_KEY_UILaunchStoryboardName = LaunchScreen;
				INFOPLIST_KEY_UISupportedInterfaceOrientations_iPad = "UIInterfaceOrientationPortrait UIInterfaceOrientationPortraitUpsideDown UIInterfaceOrientationLandscapeLeft UIInterfaceOrientationLandscapeRight";
				INFOPLIST_KEY_UISupportedInterfaceOrientations_iPhone = "UIInterfaceOrientationPortrait UIInterfaceOrientationLandscapeLeft UIInterfaceOrientationLandscapeRight";
				LD_RUNPATH_SEARCH_PATHS = (
					"$(inherited)",
					"@executable_path/Frameworks",
				);
				MARKETING_VERSION = 1.0;
				PRODUCT_BUNDLE_IDENTIFIER = "com.alkalemir.MobilliumCase-Programmatic";
				PRODUCT_NAME = "$(TARGET_NAME)";
				SWIFT_EMIT_LOC_STRINGS = YES;
				SWIFT_VERSION = 5.0;
				TARGETED_DEVICE_FAMILY = "1,2";
			};
			name = Release;
		};
/* End XCBuildConfiguration section */

/* Begin XCConfigurationList section */
		04B1156B2848A1AA004BDEAE /* Build configuration list for PBXProject "MobilliumCase-Programmatic" */ = {
			isa = XCConfigurationList;
			buildConfigurations = (
				04B115822848A1AC004BDEAE /* Debug */,
				04B115832848A1AC004BDEAE /* Release */,
			);
			defaultConfigurationIsVisible = 0;
			defaultConfigurationName = Release;
		};
		04B115842848A1AC004BDEAE /* Build configuration list for PBXNativeTarget "MobilliumCase-Programmatic" */ = {
			isa = XCConfigurationList;
			buildConfigurations = (
				04B115852848A1AC004BDEAE /* Debug */,
				04B115862848A1AC004BDEAE /* Release */,
			);
			defaultConfigurationIsVisible = 0;
			defaultConfigurationName = Release;
		};
/* End XCConfigurationList section */
	};
	rootObject = 04B115682848A1AA004BDEAE /* Project object */;
}
